{
  "name": "ajs-node",
  "version": "1.0.0",
  "lockfileVersion": 3,
  "requires": true,
  "packages": {
    "": {
      "name": "ajs-node",
      "version": "1.0.0",
      "license": "ISC",
      "dependencies": {
        "@kirill7400/ajs": "^1.0.0"
      }
    },
    "node_modules/@kirill7400/ajs": {
      "version": "1.0.0",
      "resolved": "https://npm.pkg.github.com/download/@kirill7400/ajs/1.0.0/7b2473faa236e7f8c5bf7e6e939055269d74214a",
      "integrity": "sha512-ekE8KdFuJ9mSfWB4pHKFyTIWK861FPmaHX9aL/0+FPOaoAhA95DGLKDtYjmg/PStKjfulUbi/h7Q55nk/Kn8Og==",
      "license": "ISC"
    }
  }
}
